
Microsoft Visual Studio Solution File, Format Version 12.00
# Visual Studio 2012
Project("{FAE04EC0-301F-11D3-BF4B-00C04F79EFBC}") = "IPlayer", "IPlayer\IPlayer.csproj", "{07D06011-0CEA-479E-84E9-5A23826340FD}"
EndProject
Project("{FAE04EC0-301F-11D3-BF4B-00C04F79EFBC}") = "WinRTXamlToolkit", "WinRT XAML Toolkit - 1.3.6.0 - Source.zip\WinRTXamlToolkit\WinRTXamlToolkit.csproj", "{7B7966BE-213F-4B84-867D-2A0CCF61245F}"
EndProject
Project("{FAE04EC0-301F-11D3-BF4B-00C04F79EFBC}") = "IPlayer UnitTest", "IPlayer UnitTest\IPlayer UnitTest.csproj", "{2354E8A4-72A1-4C3E-BCEA-E1DCF18F8702}"
EndProject
Project("{FAE04EC0-301F-11D3-BF4B-00C04F79EFBC}") = "IPlayer BackgroundTask", "IPlayer BackgroundTask\IPlayer BackgroundTask.csproj", "{E0E8BA3B-40D7-40C3-893C-87879AFBA2C2}"
EndProject
Global
	GlobalSection(SolutionConfigurationPlatforms) = preSolution
		Debug|Any CPU = Debug|Any CPU
		Debug|ARM = Debug|ARM
		Debug|Mixed Platforms = Debug|Mixed Platforms
		Debug|Win32 = Debug|Win32
		Debug|x64 = Debug|x64
		Debug|x86 = Debug|x86
		Release|Any CPU = Release|Any CPU
		Release|ARM = Release|ARM
		Release|Mixed Platforms = Release|Mixed Platforms
		Release|Win32 = Release|Win32
		Release|x64 = Release|x64
		Release|x86 = Release|x86
	EndGlobalSection
	GlobalSection(ProjectConfigurationPlatforms) = postSolution
		{07D06011-0CEA-479E-84E9-5A23826340FD}.Debug|Any CPU.ActiveCfg = Debug|Any CPU
		{07D06011-0CEA-479E-84E9-5A23826340FD}.Debug|Any CPU.Build.0 = Debug|Any CPU
		{07D06011-0CEA-479E-84E9-5A23826340FD}.Debug|Any CPU.Deploy.0 = Debug|Any CPU
		{07D06011-0CEA-479E-84E9-5A23826340FD}.Debug|ARM.ActiveCfg = Debug|ARM
		{07D06011-0CEA-479E-84E9-5A23826340FD}.Debug|ARM.Build.0 = Debug|ARM
		{07D06011-0CEA-479E-84E9-5A23826340FD}.Debug|ARM.Deploy.0 = Debug|ARM
		{07D06011-0CEA-479E-84E9-5A23826340FD}.Debug|Mixed Platforms.ActiveCfg = Debug|x86
		{07D06011-0CEA-479E-84E9-5A23826340FD}.Debug|Mixed Platforms.Build.0 = Debug|x86
		{07D06011-0CEA-479E-84E9-5A23826340FD}.Debug|Mixed Platforms.Deploy.0 = Debug|x86
		{07D06011-0CEA-479E-84E9-5A23826340FD}.Debug|Win32.ActiveCfg = Debug|x86
		{07D06011-0CEA-479E-84E9-5A23826340FD}.Debug|Win32.Build.0 = Debug|x86
		{07D06011-0CEA-479E-84E9-5A23826340FD}.Debug|Win32.Deploy.0 = Debug|x86
		{07D06011-0CEA-479E-84E9-5A23826340FD}.Debug|x64.ActiveCfg = Debug|x64
		{07D06011-0CEA-479E-84E9-5A23826340FD}.Debug|x64.Build.0 = Debug|x64
		{07D06011-0CEA-479E-84E9-5A23826340FD}.Debug|x64.Deploy.0 = Debug|x64
		{07D06011-0CEA-479E-84E9-5A23826340FD}.Debug|x86.ActiveCfg = Debug|x86
		{07D06011-0CEA-479E-84E9-5A23826340FD}.Debug|x86.Build.0 = Debug|x86
		{07D06011-0CEA-479E-84E9-5A23826340FD}.Debug|x86.Deploy.0 = Debug|x86
		{07D06011-0CEA-479E-84E9-5A23826340FD}.Release|Any CPU.ActiveCfg = Release|Any CPU
		{07D06011-0CEA-479E-84E9-5A23826340FD}.Release|Any CPU.Build.0 = Release|Any CPU
		{07D06011-0CEA-479E-84E9-5A23826340FD}.Release|Any CPU.Deploy.0 = Release|Any CPU
		{07D06011-0CEA-479E-84E9-5A23826340FD}.Release|ARM.ActiveCfg = Release|ARM
		{07D06011-0CEA-479E-84E9-5A23826340FD}.Release|ARM.Build.0 = Release|ARM
		{07D06011-0CEA-479E-84E9-5A23826340FD}.Release|ARM.Deploy.0 = Release|ARM
		{07D06011-0CEA-479E-84E9-5A23826340FD}.Release|Mixed Platforms.ActiveCfg = Release|x86
		{07D06011-0CEA-479E-84E9-5A23826340FD}.Release|Mixed Platforms.Build.0 = Release|x86
		{07D06011-0CEA-479E-84E9-5A23826340FD}.Release|Mixed Platforms.Deploy.0 = Release|x86
		{07D06011-0CEA-479E-84E9-5A23826340FD}.Release|Win32.ActiveCfg = Release|x86
		{07D06011-0CEA-479E-84E9-5A23826340FD}.Release|Win32.Build.0 = Release|x86
		{07D06011-0CEA-479E-84E9-5A23826340FD}.Release|Win32.Deploy.0 = Release|x86
		{07D06011-0CEA-479E-84E9-5A23826340FD}.Release|x64.ActiveCfg = Release|x64
		{07D06011-0CEA-479E-84E9-5A23826340FD}.Release|x64.Build.0 = Release|x64
		{07D06011-0CEA-479E-84E9-5A23826340FD}.Release|x64.Deploy.0 = Release|x64
		{07D06011-0CEA-479E-84E9-5A23826340FD}.Release|x86.ActiveCfg = Release|x86
		{07D06011-0CEA-479E-84E9-5A23826340FD}.Release|x86.Build.0 = Release|x86
		{07D06011-0CEA-479E-84E9-5A23826340FD}.Release|x86.Deploy.0 = Release|x86
		{7B7966BE-213F-4B84-867D-2A0CCF61245F}.Debug|Any CPU.ActiveCfg = Debug|Any CPU
		{7B7966BE-213F-4B84-867D-2A0CCF61245F}.Debug|Any CPU.Build.0 = Debug|Any CPU
		{7B7966BE-213F-4B84-867D-2A0CCF61245F}.Debug|ARM.ActiveCfg = Debug|ARM
		{7B7966BE-213F-4B84-867D-2A0CCF61245F}.Debug|ARM.Build.0 = Debug|ARM
		{7B7966BE-213F-4B84-867D-2A0CCF61245F}.Debug|Mixed Platforms.ActiveCfg = Debug|x86
		{7B7966BE-213F-4B84-867D-2A0CCF61245F}.Debug|Mixed Platforms.Build.0 = Debug|x86
		{7B7966BE-213F-4B84-867D-2A0CCF61245F}.Debug|Win32.ActiveCfg = Debug|x86
		{7B7966BE-213F-4B84-867D-2A0CCF61245F}.Debug|Win32.Build.0 = Debug|x86
		{7B7966BE-213F-4B84-867D-2A0CCF61245F}.Debug|x64.ActiveCfg = Debug|x64
		{7B7966BE-213F-4B84-867D-2A0CCF61245F}.Debug|x64.Build.0 = Debug|x64
		{7B7966BE-213F-4B84-867D-2A0CCF61245F}.Debug|x86.ActiveCfg = Debug|x86
		{7B7966BE-213F-4B84-867D-2A0CCF61245F}.Debug|x86.Build.0 = Debug|x86
		{7B7966BE-213F-4B84-867D-2A0CCF61245F}.Release|Any CPU.ActiveCfg = Release|Any CPU
		{7B7966BE-213F-4B84-867D-2A0CCF61245F}.Release|Any CPU.Build.0 = Release|Any CPU
		{7B7966BE-213F-4B84-867D-2A0CCF61245F}.Release|ARM.ActiveCfg = Release|ARM
		{7B7966BE-213F-4B84-867D-2A0CCF61245F}.Release|ARM.Build.0 = Release|ARM
		{7B7966BE-213F-4B84-867D-2A0CCF61245F}.Release|Mixed Platforms.ActiveCfg = Release|x86
		{7B7966BE-213F-4B84-867D-2A0CCF61245F}.Release|Mixed Platforms.Build.0 = Release|x86
		{7B7966BE-213F-4B84-867D-2A0CCF61245F}.Release|Win32.ActiveCfg = Release|x86
		{7B7966BE-213F-4B84-867D-2A0CCF61245F}.Release|Win32.Build.0 = Release|x86
		{7B7966BE-213F-4B84-867D-2A0CCF61245F}.Release|x64.ActiveCfg = Release|x64
		{7B7966BE-213F-4B84-867D-2A0CCF61245F}.Release|x64.Build.0 = Release|x64
		{7B7966BE-213F-4B84-867D-2A0CCF61245F}.Release|x86.ActiveCfg = Release|x86
		{7B7966BE-213F-4B84-867D-2A0CCF61245F}.Release|x86.Build.0 = Release|x86
		{2354E8A4-72A1-4C3E-BCEA-E1DCF18F8702}.Debug|Any CPU.ActiveCfg = Debug|Any CPU
		{2354E8A4-72A1-4C3E-BCEA-E1DCF18F8702}.Debug|Any CPU.Build.0 = Debug|Any CPU
		{2354E8A4-72A1-4C3E-BCEA-E1DCF18F8702}.Debug|Any CPU.Deploy.0 = Debug|Any CPU
		{2354E8A4-72A1-4C3E-BCEA-E1DCF18F8702}.Debug|ARM.ActiveCfg = Debug|ARM
		{2354E8A4-72A1-4C3E-BCEA-E1DCF18F8702}.Debug|ARM.Build.0 = Debug|ARM
		{2354E8A4-72A1-4C3E-BCEA-E1DCF18F8702}.Debug|ARM.Deploy.0 = Debug|ARM
		{2354E8A4-72A1-4C3E-BCEA-E1DCF18F8702}.Debug|Mixed Platforms.ActiveCfg = Debug|x86
		{2354E8A4-72A1-4C3E-BCEA-E1DCF18F8702}.Debug|Mixed Platforms.Build.0 = Debug|x86
		{2354E8A4-72A1-4C3E-BCEA-E1DCF18F8702}.Debug|Mixed Platforms.Deploy.0 = Debug|x86
		{2354E8A4-72A1-4C3E-BCEA-E1DCF18F8702}.Debug|Win32.ActiveCfg = Debug|x86
		{2354E8A4-72A1-4C3E-BCEA-E1DCF18F8702}.Debug|Win32.Build.0 = Debug|x86
		{2354E8A4-72A1-4C3E-BCEA-E1DCF18F8702}.Debug|Win32.Deploy.0 = Debug|x86
		{2354E8A4-72A1-4C3E-BCEA-E1DCF18F8702}.Debug|x64.ActiveCfg = Debug|x64
		{2354E8A4-72A1-4C3E-BCEA-E1DCF18F8702}.Debug|x64.Build.0 = Debug|x64
		{2354E8A4-72A1-4C3E-BCEA-E1DCF18F8702}.Debug|x64.Deploy.0 = Debug|x64
		{2354E8A4-72A1-4C3E-BCEA-E1DCF18F8702}.Debug|x86.ActiveCfg = Debug|x86
		{2354E8A4-72A1-4C3E-BCEA-E1DCF18F8702}.Debug|x86.Build.0 = Debug|x86
		{2354E8A4-72A1-4C3E-BCEA-E1DCF18F8702}.Debug|x86.Deploy.0 = Debug|x86
		{2354E8A4-72A1-4C3E-BCEA-E1DCF18F8702}.Release|Any CPU.ActiveCfg = Release|Any CPU
		{2354E8A4-72A1-4C3E-BCEA-E1DCF18F8702}.Release|Any CPU.Build.0 = Release|Any CPU
		{2354E8A4-72A1-4C3E-BCEA-E1DCF18F8702}.Release|Any CPU.Deploy.0 = Release|Any CPU
		{2354E8A4-72A1-4C3E-BCEA-E1DCF18F8702}.Release|ARM.ActiveCfg = Release|ARM
		{2354E8A4-72A1-4C3E-BCEA-E1DCF18F8702}.Release|ARM.Build.0 = Release|ARM
		{2354E8A4-72A1-4C3E-BCEA-E1DCF18F8702}.Release|ARM.Deploy.0 = Release|ARM
		{2354E8A4-72A1-4C3E-BCEA-E1DCF18F8702}.Release|Mixed Platforms.ActiveCfg = Release|x86
		{2354E8A4-72A1-4C3E-BCEA-E1DCF18F8702}.Release|Mixed Platforms.Build.0 = Release|x86
		{2354E8A4-72A1-4C3E-BCEA-E1DCF18F8702}.Release|Mixed Platforms.Deploy.0 = Release|x86
		{2354E8A4-72A1-4C3E-BCEA-E1DCF18F8702}.Release|Win32.ActiveCfg = Release|x86
		{2354E8A4-72A1-4C3E-BCEA-E1DCF18F8702}.Release|Win32.Build.0 = Release|x86
		{2354E8A4-72A1-4C3E-BCEA-E1DCF18F8702}.Release|Win32.Deploy.0 = Release|x86
		{2354E8A4-72A1-4C3E-BCEA-E1DCF18F8702}.Release|x64.ActiveCfg = Release|x64
		{2354E8A4-72A1-4C3E-BCEA-E1DCF18F8702}.Release|x64.Build.0 = Release|x64
		{2354E8A4-72A1-4C3E-BCEA-E1DCF18F8702}.Release|x64.Deploy.0 = Release|x64
		{2354E8A4-72A1-4C3E-BCEA-E1DCF18F8702}.Release|x86.ActiveCfg = Release|x86
		{2354E8A4-72A1-4C3E-BCEA-E1DCF18F8702}.Release|x86.Build.0 = Release|x86
		{2354E8A4-72A1-4C3E-BCEA-E1DCF18F8702}.Release|x86.Deploy.0 = Release|x86
		{E0E8BA3B-40D7-40C3-893C-87879AFBA2C2}.Debug|Any CPU.ActiveCfg = Debug|Any CPU
		{E0E8BA3B-40D7-40C3-893C-87879AFBA2C2}.Debug|Any CPU.Build.0 = Debug|Any CPU
		{E0E8BA3B-40D7-40C3-893C-87879AFBA2C2}.Debug|ARM.ActiveCfg = Debug|ARM
		{E0E8BA3B-40D7-40C3-893C-87879AFBA2C2}.Debug|ARM.Build.0 = Debug|ARM
		{E0E8BA3B-40D7-40C3-893C-87879AFBA2C2}.Debug|Mixed Platforms.ActiveCfg = Debug|x86
		{E0E8BA3B-40D7-40C3-893C-87879AFBA2C2}.Debug|Mixed Platforms.Build.0 = Debug|x86
		{E0E8BA3B-40D7-40C3-893C-87879AFBA2C2}.Debug|Win32.ActiveCfg = Debug|x86
		{E0E8BA3B-40D7-40C3-893C-87879AFBA2C2}.Debug|Win32.Build.0 = Debug|x86
		{E0E8BA3B-40D7-40C3-893C-87879AFBA2C2}.Debug|x64.ActiveCfg = Debug|x64
		{E0E8BA3B-40D7-40C3-893C-87879AFBA2C2}.Debug|x64.Build.0 = Debug|x64
		{E0E8BA3B-40D7-40C3-893C-87879AFBA2C2}.Debug|x86.ActiveCfg = Debug|x86
		{E0E8BA3B-40D7-40C3-893C-87879AFBA2C2}.Debug|x86.Build.0 = Debug|x86
		{E0E8BA3B-40D7-40C3-893C-87879AFBA2C2}.Release|Any CPU.ActiveCfg = Release|Any CPU
		{E0E8BA3B-40D7-40C3-893C-87879AFBA2C2}.Release|Any CPU.Build.0 = Release|Any CPU
		{E0E8BA3B-40D7-40C3-893C-87879AFBA2C2}.Release|ARM.ActiveCfg = Release|ARM
		{E0E8BA3B-40D7-40C3-893C-87879AFBA2C2}.Release|ARM.Build.0 = Release|ARM
		{E0E8BA3B-40D7-40C3-893C-87879AFBA2C2}.Release|Mixed Platforms.ActiveCfg = Release|x86
		{E0E8BA3B-40D7-40C3-893C-87879AFBA2C2}.Release|Mixed Platforms.Build.0 = Release|x86
		{E0E8BA3B-40D7-40C3-893C-87879AFBA2C2}.Release|Win32.ActiveCfg = Release|x86
		{E0E8BA3B-40D7-40C3-893C-87879AFBA2C2}.Release|Win32.Build.0 = Release|x86
		{E0E8BA3B-40D7-40C3-893C-87879AFBA2C2}.Release|x64.ActiveCfg = Release|x64
		{E0E8BA3B-40D7-40C3-893C-87879AFBA2C2}.Release|x64.Build.0 = Release|x64
		{E0E8BA3B-40D7-40C3-893C-87879AFBA2C2}.Release|x86.ActiveCfg = Release|x86
		{E0E8BA3B-40D7-40C3-893C-87879AFBA2C2}.Release|x86.Build.0 = Release|x86
	EndGlobalSection
	GlobalSection(SolutionProperties) = preSolution
		HideSolutionNode = FALSE
	EndGlobalSection
	GlobalSection(Performance) = preSolution
		HasPerformanceSessions = true
	EndGlobalSection
EndGlobal
